// !$*UTF8*$!
{
	archiveVersion = 1;
	classes = {
	};
	objectVersion = 56;
	objects = {

/* Begin PBXBuildFile section */
		AC2E4C1D28EE8CF100822379 /* CircleImage.swift in Sources */ = {isa = PBXBuildFile; fileRef = AC2E4C1C28EE8CF100822379 /* CircleImage.swift */; };
		AC2E4C1F28EE8EB600822379 /* MapView.swift in Sources */ = {isa = PBXBuildFile; fileRef = AC2E4C1E28EE8EB600822379 /* MapView.swift */; };
		AC313CD528F85ACE00D66834 /* HexagonParameters.swift in Sources */ = {isa = PBXBuildFile; fileRef = AC313CD428F85ACE00D66834 /* HexagonParameters.swift */; };
		AC313CD728F85B2000D66834 /* BadgeBackground.swift in Sources */ = {isa = PBXBuildFile; fileRef = AC313CD628F85B2000D66834 /* BadgeBackground.swift */; };
		AC33758528ED7DCF0019FA44 /* LandmarksApp.swift in Sources */ = {isa = PBXBuildFile; fileRef = AC33758428ED7DCF0019FA44 /* LandmarksApp.swift */; };
		AC33758728ED7DCF0019FA44 /* ContentView.swift in Sources */ = {isa = PBXBuildFile; fileRef = AC33758628ED7DCF0019FA44 /* ContentView.swift */; };
		AC33758928ED7DD00019FA44 /* Assets.xcassets in Resources */ = {isa = PBXBuildFile; fileRef = AC33758828ED7DD00019FA44 /* Assets.xcassets */; };
		AC33758C28ED7DD00019FA44 /* Preview Assets.xcassets in Resources */ = {isa = PBXBuildFile; fileRef = AC33758B28ED7DD00019FA44 /* Preview Assets.xcassets */; };
		AC78147428F9AD16000852FA /* BadgeSymbol.swift in Sources */ = {isa = PBXBuildFile; fileRef = AC78147328F9AD16000852FA /* BadgeSymbol.swift */; };
		AC78147628F9AD80000852FA /* RotatedBadgeSymbol.swift in Sources */ = {isa = PBXBuildFile; fileRef = AC78147528F9AD80000852FA /* RotatedBadgeSymbol.swift */; };
		AC78147828F9ADAB000852FA /* Badge.swift in Sources */ = {isa = PBXBuildFile; fileRef = AC78147728F9ADAB000852FA /* Badge.swift */; };
		AC8084D028FC3B9C00F8D132 /* hikeData.json in Resources */ = {isa = PBXBuildFile; fileRef = AC8084CF28FC3B9C00F8D132 /* hikeData.json */; };
		AC8084D228FC3C1900F8D132 /* Hike.swift in Sources */ = {isa = PBXBuildFile; fileRef = AC8084D128FC3C1900F8D132 /* Hike.swift */; };
		AC8084D828FC3C6300F8D132 /* GraphCapsule.swift in Sources */ = {isa = PBXBuildFile; fileRef = AC8084D428FC3C6300F8D132 /* GraphCapsule.swift */; };
		AC8084D928FC3C6300F8D132 /* HikeGraph.swift in Sources */ = {isa = PBXBuildFile; fileRef = AC8084D528FC3C6300F8D132 /* HikeGraph.swift */; };
		AC8084DA28FC3C6300F8D132 /* HikeDetail.swift in Sources */ = {isa = PBXBuildFile; fileRef = AC8084D628FC3C6300F8D132 /* HikeDetail.swift */; };
		AC8084DB28FC3C6300F8D132 /* HikeView.swift in Sources */ = {isa = PBXBuildFile; fileRef = AC8084D728FC3C6300F8D132 /* HikeView.swift */; };
		AC9193FC28F321D80048D684 /* FavoriteButton.swift in Sources */ = {isa = PBXBuildFile; fileRef = AC9193FB28F321D80048D684 /* FavoriteButton.swift */; };
		ACADCDD428EFFF8200F027BA /* landmarkData.json in Resources */ = {isa = PBXBuildFile; fileRef = ACADCDD328EFFF8200F027BA /* landmarkData.json */; };
		ACADCDD628EFFFA500F027BA /* Landmark.swift in Sources */ = {isa = PBXBuildFile; fileRef = ACADCDD528EFFFA500F027BA /* Landmark.swift */; };
		ACADCDD828F0014300F027BA /* ModelData.swift in Sources */ = {isa = PBXBuildFile; fileRef = ACADCDD728F0014300F027BA /* ModelData.swift */; };
		ACADCDDE28F003B200F027BA /* LandmarkRow.swift in Sources */ = {isa = PBXBuildFile; fileRef = ACADCDDD28F003B200F027BA /* LandmarkRow.swift */; };
		ACADCDE028F0089200F027BA /* LandmarkList.swift in Sources */ = {isa = PBXBuildFile; fileRef = ACADCDDF28F0089200F027BA /* LandmarkList.swift */; };
		ACADCDE228F00B7E00F027BA /* LandmarkDetail.swift in Sources */ = {isa = PBXBuildFile; fileRef = ACADCDE128F00B7E00F027BA /* LandmarkDetail.swift */; };
/* End PBXBuildFile section */

/* Begin PBXFileReference section */
		AC2E4C1C28EE8CF100822379 /* CircleImage.swift */ = {isa = PBXFileReference; lastKnownFileType = sourcecode.swift; path = CircleImage.swift; sourceTree = "<group>"; };
		AC2E4C1E28EE8EB600822379 /* MapView.swift */ = {isa = PBXFileReference; lastKnownFileType = sourcecode.swift; path = MapView.swift; sourceTree = "<group>"; };
		AC313CD428F85ACE00D66834 /* HexagonParameters.swift */ = {isa = PBXFileReference; lastKnownFileType = sourcecode.swift; path = HexagonParameters.swift; sourceTree = "<group>"; };
		AC313CD628F85B2000D66834 /* BadgeBackground.swift */ = {isa = PBXFileReference; lastKnownFileType = sourcecode.swift; path = BadgeBackground.swift; sourceTree = "<group>"; };
		AC33758128ED7DCF0019FA44 /* Landmarks.app */ = {isa = PBXFileReference; explicitFileType = wrapper.application; includeInIndex = 0; path = Landmarks.app; sourceTree = BUILT_PRODUCTS_DIR; };
		AC33758428ED7DCF0019FA44 /* LandmarksApp.swift */ = {isa = PBXFileReference; lastKnownFileType = sourcecode.swift; path = LandmarksApp.swift; sourceTree = "<group>"; };
		AC33758628ED7DCF0019FA44 /* ContentView.swift */ = {isa = PBXFileReference; lastKnownFileType = sourcecode.swift; path = ContentView.swift; sourceTree = "<group>"; };
		AC33758828ED7DD00019FA44 /* Assets.xcassets */ = {isa = PBXFileReference; lastKnownFileType = folder.assetcatalog; path = Assets.xcassets; sourceTree = "<group>"; };
		AC33758B28ED7DD00019FA44 /* Preview Assets.xcassets */ = {isa = PBXFileReference; lastKnownFileType = folder.assetcatalog; path = "Preview Assets.xcassets"; sourceTree = "<group>"; };
		AC78147328F9AD16000852FA /* BadgeSymbol.swift */ = {isa = PBXFileReference; lastKnownFileType = sourcecode.swift; path = BadgeSymbol.swift; sourceTree = "<group>"; };
		AC78147528F9AD80000852FA /* RotatedBadgeSymbol.swift */ = {isa = PBXFileReference; lastKnownFileType = sourcecode.swift; path = RotatedBadgeSymbol.swift; sourceTree = "<group>"; };
		AC78147728F9ADAB000852FA /* Badge.swift */ = {isa = PBXFileReference; lastKnownFileType = sourcecode.swift; path = Badge.swift; sourceTree = "<group>"; };
		AC8084CF28FC3B9C00F8D132 /* hikeData.json */ = {isa = PBXFileReference; fileEncoding = 4; lastKnownFileType = text.json; path = hikeData.json; sourceTree = "<group>"; };
		AC8084D128FC3C1900F8D132 /* Hike.swift */ = {isa = PBXFileReference; lastKnownFileType = sourcecode.swift; name = Hike.swift; path = Landmarks/Model/Hike.swift; sourceTree = SOURCE_ROOT; };
		AC8084D428FC3C6300F8D132 /* GraphCapsule.swift */ = {isa = PBXFileReference; fileEncoding = 4; lastKnownFileType = sourcecode.swift; path = GraphCapsule.swift; sourceTree = "<group>"; };
		AC8084D528FC3C6300F8D132 /* HikeGraph.swift */ = {isa = PBXFileReference; fileEncoding = 4; lastKnownFileType = sourcecode.swift; path = HikeGraph.swift; sourceTree = "<group>"; };
		AC8084D628FC3C6300F8D132 /* HikeDetail.swift */ = {isa = PBXFileReference; fileEncoding = 4; lastKnownFileType = sourcecode.swift; path = HikeDetail.swift; sourceTree = "<group>"; };
		AC8084D728FC3C6300F8D132 /* HikeView.swift */ = {isa = PBXFileReference; fileEncoding = 4; lastKnownFileType = sourcecode.swift; path = HikeView.swift; sourceTree = "<group>"; };
		AC9193FB28F321D80048D684 /* FavoriteButton.swift */ = {isa = PBXFileReference; lastKnownFileType = sourcecode.swift; path = FavoriteButton.swift; sourceTree = "<group>"; };
		ACADCDD328EFFF8200F027BA /* landmarkData.json */ = {isa = PBXFileReference; fileEncoding = 4; lastKnownFileType = text.json; path = landmarkData.json; sourceTree = "<group>"; };
		ACADCDD528EFFFA500F027BA /* Landmark.swift */ = {isa = PBXFileReference; lastKnownFileType = sourcecode.swift; path = Landmark.swift; sourceTree = "<group>"; };
		ACADCDD728F0014300F027BA /* ModelData.swift */ = {isa = PBXFileReference; lastKnownFileType = sourcecode.swift; path = ModelData.swift; sourceTree = "<group>"; };
		ACADCDDD28F003B200F027BA /* LandmarkRow.swift */ = {isa = PBXFileReference; lastKnownFileType = sourcecode.swift; path = LandmarkRow.swift; sourceTree = "<group>"; };
		ACADCDDF28F0089200F027BA /* LandmarkList.swift */ = {isa = PBXFileReference; lastKnownFileType = sourcecode.swift; path = LandmarkList.swift; sourceTree = "<group>"; };
		ACADCDE128F00B7E00F027BA /* LandmarkDetail.swift */ = {isa = PBXFileReference; lastKnownFileType = sourcecode.swift; name = LandmarkDetail.swift; path = Views/LandmarkDetail.swift; sourceTree = "<group>"; };
/* End PBXFileReference section */

/* Begin PBXFrameworksBuildPhase section */
		AC33757E28ED7DCF0019FA44 /* Frameworks */ = {
			isa = PBXFrameworksBuildPhase;
			buildActionMask = 2147483647;
			files = (
			);
			runOnlyForDeploymentPostprocessing = 0;
		};
/* End PBXFrameworksBuildPhase section */

/* Begin PBXGroup section */
		AC33757828ED7DCF0019FA44 = {
			isa = PBXGroup;
			children = (
				AC33758328ED7DCF0019FA44 /* Landmarks */,
				AC33758228ED7DCF0019FA44 /* Products */,
			);
			sourceTree = "<group>";
		};
		AC33758228ED7DCF0019FA44 /* Products */ = {
			isa = PBXGroup;
			children = (
				AC33758128ED7DCF0019FA44 /* Landmarks.app */,
			);
			name = Products;
			sourceTree = "<group>";
		};
		AC33758328ED7DCF0019FA44 /* Landmarks */ = {
			isa = PBXGroup;
			children = (
				AC33758428ED7DCF0019FA44 /* LandmarksApp.swift */,
				ACADCDE128F00B7E00F027BA /* LandmarkDetail.swift */,
				ACADCDDD28F003B200F027BA /* LandmarkRow.swift */,
				ACADCDDF28F0089200F027BA /* LandmarkList.swift */,
				AC78147928F9AE40000852FA /* Badges */,
				ACADCDDB28F001E300F027BA /* Model */,
				ACADCDD928F0018700F027BA /* Views */,
				AC33758828ED7DD00019FA44 /* Assets.xcassets */,
				ACADCDDC28F0023200F027BA /* Resources */,
				AC33758A28ED7DD00019FA44 /* Preview Content */,
			);
			path = Landmarks;
			sourceTree = "<group>";
		};
		AC33758A28ED7DD00019FA44 /* Preview Content */ = {
			isa = PBXGroup;
			children = (
				AC33758B28ED7DD00019FA44 /* Preview Assets.xcassets */,
			);
			path = "Preview Content";
			sourceTree = "<group>";
		};
		AC78147928F9AE40000852FA /* Badges */ = {
			isa = PBXGroup;
			children = (
				AC78147528F9AD80000852FA /* RotatedBadgeSymbol.swift */,
				AC313CD628F85B2000D66834 /* BadgeBackground.swift */,
				AC313CD428F85ACE00D66834 /* HexagonParameters.swift */,
				AC78147728F9ADAB000852FA /* Badge.swift */,
				AC78147328F9AD16000852FA /* BadgeSymbol.swift */,
			);
			path = Badges;
			sourceTree = "<group>";
		};
		AC8084D328FC3C6300F8D132 /* Hikes */ = {
			isa = PBXGroup;
			children = (
				AC8084D428FC3C6300F8D132 /* GraphCapsule.swift */,
				AC8084D528FC3C6300F8D132 /* HikeGraph.swift */,
				AC8084D628FC3C6300F8D132 /* HikeDetail.swift */,
				AC8084D728FC3C6300F8D132 /* HikeView.swift */,
			);
			path = Hikes;
			sourceTree = "<group>";
		};
		ACADCDD928F0018700F027BA /* Views */ = {
			isa = PBXGroup;
			children = (
				AC2E4C1E28EE8EB600822379 /* MapView.swift */,
				AC9193FB28F321D80048D684 /* FavoriteButton.swift */,
				AC33758628ED7DCF0019FA44 /* ContentView.swift */,
				AC2E4C1C28EE8CF100822379 /* CircleImage.swift */,
			);
			path = Views;
			sourceTree = "<group>";
		};
		ACADCDDB28F001E300F027BA /* Model */ = {
			isa = PBXGroup;
			children = (
				AC8084D128FC3C1900F8D132 /* Hike.swift */,
				ACADCDD528EFFFA500F027BA /* Landmark.swift */,
				ACADCDD728F0014300F027BA /* ModelData.swift */,
			);
			path = Model;
			sourceTree = "<group>";
		};
		ACADCDDC28F0023200F027BA /* Resources */ = {
			isa = PBXGroup;
			children = (
				AC8084D328FC3C6300F8D132 /* Hikes */,
				AC8084CF28FC3B9C00F8D132 /* hikeData.json */,
				ACADCDD328EFFF8200F027BA /* landmarkData.json */,
			);
			path = Resources;
			sourceTree = "<group>";
		};
/* End PBXGroup section */

/* Begin PBXNativeTarget section */
		AC33758028ED7DCF0019FA44 /* Landmarks */ = {
			isa = PBXNativeTarget;
			buildConfigurationList = AC33758F28ED7DD00019FA44 /* Build configuration list for PBXNativeTarget "Landmarks" */;
			buildPhases = (
				AC33757D28ED7DCF0019FA44 /* Sources */,
				AC33757E28ED7DCF0019FA44 /* Frameworks */,
				AC33757F28ED7DCF0019FA44 /* Resources */,
			);
			buildRules = (
			);
			dependencies = (
			);
			name = Landmarks;
			productName = Landmarks;
			productReference = AC33758128ED7DCF0019FA44 /* Landmarks.app */;
			productType = "com.apple.product-type.application";
		};
/* End PBXNativeTarget section */

/* Begin PBXProject section */
		AC33757928ED7DCF0019FA44 /* Project object */ = {
			isa = PBXProject;
			attributes = {
				BuildIndependentTargetsInParallel = 1;
				LastSwiftUpdateCheck = 1400;
				LastUpgradeCheck = 1400;
				TargetAttributes = {
					AC33758028ED7DCF0019FA44 = {
						CreatedOnToolsVersion = 14.0.1;
					};
				};
			};
			buildConfigurationList = AC33757C28ED7DCF0019FA44 /* Build configuration list for PBXProject "Landmarks" */;
			compatibilityVersion = "Xcode 14.0";
			developmentRegion = en;
			hasScannedForEncodings = 0;
			knownRegions = (
				en,
				Base,
			);
			mainGroup = AC33757828ED7DCF0019FA44;
			productRefGroup = AC33758228ED7DCF0019FA44 /* Products */;
			projectDirPath = "";
			projectRoot = "";
			targets = (
				AC33758028ED7DCF0019FA44 /* Landmarks */,
			);
		};
/* End PBXProject section */

/* Begin PBXResourcesBuildPhase section */
		AC33757F28ED7DCF0019FA44 /* Resources */ = {
			isa = PBXResourcesBuildPhase;
			buildActionMask = 2147483647;
			files = (
				AC8084D028FC3B9C00F8D132 /* hikeData.json in Resources */,
				AC33758C28ED7DD00019FA44 /* Preview Assets.xcassets in Resources */,
				AC33758928ED7DD00019FA44 /* Assets.xcassets in Resources */,
				ACADCDD428EFFF8200F027BA /* landmarkData.json in Resources */,
			);
			runOnlyForDeploymentPostprocessing = 0;
		};
/* End PBXResourcesBuildPhase section */

/* Begin PBXSourcesBuildPhase section */
		AC33757D28ED7DCF0019FA44 /* Sources */ = {
			isa = PBXSourcesBuildPhase;
			buildActionMask = 2147483647;
			files = (
				AC33758728ED7DCF0019FA44 /* ContentView.swift in Sources */,
				AC8084D928FC3C6300F8D132 /* HikeGraph.swift in Sources */,
				AC78147828F9ADAB000852FA /* Badge.swift in Sources */,
				AC2E4C1F28EE8EB600822379 /* MapView.swift in Sources */,
				AC8084D828FC3C6300F8D132 /* GraphCapsule.swift in Sources */,
				AC33758528ED7DCF0019FA44 /* LandmarksApp.swift in Sources */,
				AC9193FC28F321D80048D684 /* FavoriteButton.swift in Sources */,
				AC8084DA28FC3C6300F8D132 /* HikeDetail.swift in Sources */,
				AC313CD528F85ACE00D66834 /* HexagonParameters.swift in Sources */,
				AC8084D228FC3C1900F8D132 /* Hike.swift in Sources */,
				AC78147628F9AD80000852FA /* RotatedBadgeSymbol.swift in Sources */,
				AC78147428F9AD16000852FA /* BadgeSymbol.swift in Sources */,
				ACADCDE028F0089200F027BA /* LandmarkList.swift in Sources */,
				AC8084DB28FC3C6300F8D132 /* HikeView.swift in Sources */,
				ACADCDE228F00B7E00F027BA /* LandmarkDetail.swift in Sources */,
				AC313CD728F85B2000D66834 /* BadgeBackground.swift in Sources */,
				AC2E4C1D28EE8CF100822379 /* CircleImage.swift in Sources */,
				ACADCDD628EFFFA500F027BA /* Landmark.swift in Sources */,
				ACADCDDE28F003B200F027BA /* LandmarkRow.swift in Sources */,
				ACADCDD828F0014300F027BA /* ModelData.swift in Sources */,
			);
			runOnlyForDeploymentPostprocessing = 0;
		};
/* End PBXSourcesBuildPhase section */

/* Begin XCBuildConfiguration section */
		AC33758D28ED7DD00019FA44 /* Debug */ = {
			isa = XCBuildConfiguration;
			buildSettings = {
				ALWAYS_SEARCH_USER_PATHS = NO;
				CLANG_ANALYZER_NONNULL = YES;
				CLANG_ANALYZER_NUMBER_OBJECT_CONVERSION = YES_AGGRESSIVE;
				CLANG_CXX_LANGUAGE_STANDARD = "gnu++20";
				CLANG_ENABLE_MODULES = YES;
				CLANG_ENABLE_OBJC_ARC = YES;
				CLANG_ENABLE_OBJC_WEAK = YES;
				CLANG_WARN_BLOCK_CAPTURE_AUTORELEASING = YES;
				CLANG_WARN_BOOL_CONVERSION = YES;
				CLANG_WARN_COMMA = YES;
				CLANG_WARN_CONSTANT_CONVERSION = YES;
				CLANG_WARN_DEPRECATED_OBJC_IMPLEMENTATIONS = YES;
				CLANG_WARN_DIRECT_OBJC_ISA_USAGE = YES_ERROR;
				CLANG_WARN_DOCUMENTATION_COMMENTS = YES;
				CLANG_WARN_EMPTY_BODY = YES;
				CLANG_WARN_ENUM_CONVERSION = YES;
				CLANG_WARN_INFINITE_RECURSION = YES;
				CLANG_WARN_INT_CONVERSION = YES;
				CLANG_WARN_NON_LITERAL_NULL_CONVERSION = YES;
				CLANG_WARN_OBJC_IMPLICIT_RETAIN_SELF = YES;
				CLANG_WARN_OBJC_LITERAL_CONVERSION = YES;
				CLANG_WARN_OBJC_ROOT_CLASS = YES_ERROR;
				CLANG_WARN_QUOTED_INCLUDE_IN_FRAMEWORK_HEADER = YES;
				CLANG_WARN_RANGE_LOOP_ANALYSIS = YES;
				CLANG_WARN_STRICT_PROTOTYPES = YES;
				CLANG_WARN_SUSPICIOUS_MOVE = YES;
				CLANG_WARN_UNGUARDED_AVAILABILITY = YES_AGGRESSIVE;
				CLANG_WARN_UNREACHABLE_CODE = YES;
				CLANG_WARN__DUPLICATE_METHOD_MATCH = YES;
				COPY_PHASE_STRIP = NO;
				DEBUG_INFORMATION_FORMAT = dwarf;
				ENABLE_STRICT_OBJC_MSGSEND = YES;
				ENABLE_TESTABILITY = YES;
				GCC_C_LANGUAGE_STANDARD = gnu11;
				GCC_DYNAMIC_NO_PIC = NO;
				GCC_NO_COMMON_BLOCKS = YES;
				GCC_OPTIMIZATION_LEVEL = 0;
				GCC_PREPROCESSOR_DEFINITIONS = (
					"DEBUG=1",
					"$(inherited)",
				);
				GCC_WARN_64_TO_32_BIT_CONVERSION = YES;
				GCC_WARN_ABOUT_RETURN_TYPE = YES_ERROR;
				GCC_WARN_UNDECLARED_SELECTOR = YES;
				GCC_WARN_UNINITIALIZED_AUTOS = YES_AGGRESSIVE;
				GCC_WARN_UNUSED_FUNCTION = YES;
				GCC_WARN_UNUSED_VARIABLE = YES;
				IPHONEOS_DEPLOYMENT_TARGET = 16.0;
				MTL_ENABLE_DEBUG_INFO = INCLUDE_SOURCE;
				MTL_FAST_MATH = YES;
				ONLY_ACTIVE_ARCH = YES;
				SDKROOT = iphoneos;
				SWIFT_ACTIVE_COMPILATION_CONDITIONS = DEBUG;
				SWIFT_OPTIMIZATION_LEVEL = "-Onone";
			};
			name = Debug;
		};
		AC33758E28ED7DD00019FA44 /* Release */ = {
			isa = XCBuildConfiguration;
			buildSettings = {
				ALWAYS_SEARCH_USER_PATHS = NO;
				CLANG_ANALYZER_NONNULL = YES;
				CLANG_ANALYZER_NUMBER_OBJECT_CONVERSION = YES_AGGRESSIVE;
				CLANG_CXX_LANGUAGE_STANDARD = "gnu++20";
				CLANG_ENABLE_MODULES = YES;
				CLANG_ENABLE_OBJC_ARC = YES;
				CLANG_ENABLE_OBJC_WEAK = YES;
				CLANG_WARN_BLOCK_CAPTURE_AUTORELEASING = YES;
				CLANG_WARN_BOOL_CONVERSION = YES;
				CLANG_WARN_COMMA = YES;
				CLANG_WARN_CONSTANT_CONVERSION = YES;
				CLANG_WARN_DEPRECATED_OBJC_IMPLEMENTATIONS = YES;
				CLANG_WARN_DIRECT_OBJC_ISA_USAGE = YES_ERROR;
				CLANG_WARN_DOCUMENTATION_COMMENTS = YES;
				CLANG_WARN_EMPTY_BODY = YES;
				CLANG_WARN_ENUM_CONVERSION = YES;
				CLANG_WARN_INFINITE_RECURSION = YES;
				CLANG_WARN_INT_CONVERSION = YES;
				CLANG_WARN_NON_LITERAL_NULL_CONVERSION = YES;
				CLANG_WARN_OBJC_IMPLICIT_RETAIN_SELF = YES;
				CLANG_WARN_OBJC_LITERAL_CONVERSION = YES;
				CLANG_WARN_OBJC_ROOT_CLASS = YES_ERROR;
				CLANG_WARN_QUOTED_INCLUDE_IN_FRAMEWORK_HEADER = YES;
				CLANG_WARN_RANGE_LOOP_ANALYSIS = YES;
				CLANG_WARN_STRICT_PROTOTYPES = YES;
				CLANG_WARN_SUSPICIOUS_MOVE = YES;
				CLANG_WARN_UNGUARDED_AVAILABILITY = YES_AGGRESSIVE;
				CLANG_WARN_UNREACHABLE_CODE = YES;
				CLANG_WARN__DUPLICATE_METHOD_MATCH = YES;
				COPY_PHASE_STRIP = NO;
				DEBUG_INFORMATION_FORMAT = "dwarf-with-dsym";
				ENABLE_NS_ASSERTIONS = NO;
				ENABLE_STRICT_OBJC_MSGSEND = YES;
				GCC_C_LANGUAGE_STANDARD = gnu11;
				GCC_NO_COMMON_BLOCKS = YES;
				GCC_WARN_64_TO_32_BIT_CONVERSION = YES;
				GCC_WARN_ABOUT_RETURN_TYPE = YES_ERROR;
				GCC_WARN_UNDECLARED_SELECTOR = YES;
				GCC_WARN_UNINITIALIZED_AUTOS = YES_AGGRESSIVE;
				GCC_WARN_UNUSED_FUNCTION = YES;
				GCC_WARN_UNUSED_VARIABLE = YES;
				IPHONEOS_DEPLOYMENT_TARGET = 16.0;
				MTL_ENABLE_DEBUG_INFO = NO;
				MTL_FAST_MATH = YES;
				SDKROOT = iphoneos;
				SWIFT_COMPILATION_MODE = wholemodule;
				SWIFT_OPTIMIZATION_LEVEL = "-O";
				VALIDATE_PRODUCT = YES;
			};
			name = Release;
		};
		AC33759028ED7DD00019FA44 /* Debug */ = {
			isa = XCBuildConfiguration;
			buildSettings = {
				ASSETCATALOG_COMPILER_APPICON_NAME = AppIcon;
				ASSETCATALOG_COMPILER_GLOBAL_ACCENT_COLOR_NAME = AccentColor;
				CODE_SIGN_STYLE = Automatic;
				CURRENT_PROJECT_VERSION = 1;
				DEVELOPMENT_ASSET_PATHS = "\"Landmarks/Preview Content\"";
				DEVELOPMENT_TEAM = 8N7YRTC92N;
				ENABLE_PREVIEWS = YES;
				GENERATE_INFOPLIST_FILE = YES;
				INFOPLIST_KEY_UIApplicationSceneManifest_Generation = YES;
				INFOPLIST_KEY_UIApplicationSupportsIndirectInputEvents = YES;
				INFOPLIST_KEY_UILaunchScreen_Generation = YES;
				INFOPLIST_KEY_UISupportedInterfaceOrientations_iPad = "UIInterfaceOrientationPortrait UIInterfaceOrientationPortraitUpsideDown UIInterfaceOrientationLandscapeLeft UIInterfaceOrientationLandscapeRight";
				INFOPLIST_KEY_UISupportedInterfaceOrientations_iPhone = "UIInterfaceOrientationPortrait UIInterfaceOrientationLandscapeLeft UIInterfaceOrientationLandscapeRight";
				LD_RUNPATH_SEARCH_PATHS = (
					"$(inherited)",
					"@executable_path/Frameworks",
				);
				MARKETING_VERSION = 1.0;
				PRODUCT_BUNDLE_IDENTIFIER = "dae-bong-ski.Landmarks";
				PRODUCT_NAME = "$(TARGET_NAME)";
				SWIFT_EMIT_LOC_STRINGS = YES;
				SWIFT_VERSION = 5.0;
				TARGETED_DEVICE_FAMILY = "1,2";
			};
			name = Debug;
		};
		AC33759128ED7DD00019FA44 /* Release */ = {
			isa = XCBuildConfiguration;
			buildSettings = {
				ASSETCATALOG_COMPILER_APPICON_NAME = AppIcon;
				ASSETCATALOG_COMPILER_GLOBAL_ACCENT_COLOR_NAME = AccentColor;
				CODE_SIGN_STYLE = Automatic;
				CURRENT_PROJECT_VERSION = 1;
				DEVELOPMENT_ASSET_PATHS = "\"Landmarks/Preview Content\"";
				DEVELOPMENT_TEAM = 8N7YRTC92N;
				ENABLE_PREVIEWS = YES;
				GENERATE_INFOPLIST_FILE = YES;
				INFOPLIST_KEY_UIApplicationSceneManifest_Generation = YES;
				INFOPLIST_KEY_UIApplicationSupportsIndirectInputEvents = YES;
				INFOPLIST_KEY_UILaunchScreen_Generation = YES;
				INFOPLIST_KEY_UISupportedInterfaceOrientations_iPad = "UIInterfaceOrientationPortrait UIInterfaceOrientationPortraitUpsideDown UIInterfaceOrientationLandscapeLeft UIInterfaceOrientationLandscapeRight";
				INFOPLIST_KEY_UISupportedInterfaceOrientations_iPhone = "UIInterfaceOrientationPortrait UIInterfaceOrientationLandscapeLeft UIInterfaceOrientationLandscapeRight";
				LD_RUNPATH_SEARCH_PATHS = (
					"$(inherited)",
					"@executable_path/Frameworks",
				);
				MARKETING_VERSION = 1.0;
				PRODUCT_BUNDLE_IDENTIFIER = "dae-bong-ski.Landmarks";
				PRODUCT_NAME = "$(TARGET_NAME)";
				SWIFT_EMIT_LOC_STRINGS = YES;
				SWIFT_VERSION = 5.0;
				TARGETED_DEVICE_FAMILY = "1,2";
			};
			name = Release;
		};
/* End XCBuildConfiguration section */

/* Begin XCConfigurationList section */
		AC33757C28ED7DCF0019FA44 /* Build configuration list for PBXProject "Landmarks" */ = {
			isa = XCConfigurationList;
			buildConfigurations = (
				AC33758D28ED7DD00019FA44 /* Debug */,
				AC33758E28ED7DD00019FA44 /* Release */,
			);
			defaultConfigurationIsVisible = 0;
			defaultConfigurationName = Release;
		};
		AC33758F28ED7DD00019FA44 /* Build configuration list for PBXNativeTarget "Landmarks" */ = {
			isa = XCConfigurationList;
			buildConfigurations = (
				AC33759028ED7DD00019FA44 /* Debug */,
				AC33759128ED7DD00019FA44 /* Release */,
			);
			defaultConfigurationIsVisible = 0;
			defaultConfigurationName = Release;
		};
/* End XCConfigurationList section */
	};
	rootObject = AC33757928ED7DCF0019FA44 /* Project object */;
}
